{
  "nodes": {
    "flake-parts": {
      "inputs": {
        "nixpkgs-lib": "nixpkgs-lib"
      },
      "locked": {
        "lastModified": 1715865404,
        "narHash": "sha256-/GJvTdTpuDjNn84j82cU6bXztE0MSkdnTWClUCRub78=",
        "owner": "hercules-ci",
        "repo": "flake-parts",
        "rev": "8dc45382d5206bd292f9c2768b8058a8fd8311d9",
        "type": "github"
      },
      "original": {
        "owner": "hercules-ci",
        "repo": "flake-parts",
        "type": "github"
      }
    },
    "nixpkgs": {
      "locked": {
        "lastModified": 1716062047,
        "narHash": "sha256-OhysviwHQz4p2HZL4g7XGMLoUbWMjkMr/ogaR3VUYNA=",
        "owner": "nixos",
        "repo": "nixpkgs",
        "rev": "02923630b89aa1ab36ef8e422501a6f4fd4b2016",
        "type": "github"
      },
      "original": {
        "owner": "nixos",
        "ref": "nixpkgs-unstable",
        "repo": "nixpkgs",
        "type": "github"
      }
    },
    "nixpkgs-lib": {
      "locked": {
        "lastModified": 1714640452,
        "narHash": "sha256-QBx10+k6JWz6u7VsohfSw8g8hjdBZEf8CFzXH1/1Z94=",
        "type": "tarball",
        "url": "https://github.com/NixOS/nixpkgs/archive/50eb7ecf4cd0a5756d7275c8ba36790e5bd53e33.tar.gz"
      },
      "original": {
        "type": "tarball",
        "url": "https://github.com/NixOS/nixpkgs/archive/50eb7ecf4cd0a5756d7275c8ba36790e5bd53e33.tar.gz"
      }
    },
    "northwind": {
      "flake": false,
      "locked": {
        "lastModified": 1666887048,
        "narHash": "sha256-wwqHEkZUTNkg78OLnRDX5JPoRYop8v5UI2hxZTclxs8=",
        "owner": "pthom",
        "repo": "northwind_psql",
        "rev": "3d271b23f3357532e63f92ffb10c4f258dfd20af",
        "type": "github"
      },
      "original": {
        "owner": "pthom",
        "repo": "northwind_psql",
        "type": "github"
      }
    },
    "process-compose-flake": {
      "locked": {
        "lastModified": 1715063745,
        "narHash": "sha256-kO8gcRHfuKIlsGmFoHUF4lD3CfrRBymIlG2R3OHBEjQ=",
        "owner": "Platonic-Systems",
        "repo": "process-compose-flake",
        "rev": "32c069e7ef436b4325ee36503cd02b2863eede53",
        "type": "github"
      },
      "original": {
        "owner": "Platonic-Systems",
        "repo": "process-compose-flake",
        "type": "github"
      }
    },
    "root": {
      "inputs": {
        "flake-parts": "flake-parts",
        "nixpkgs": "nixpkgs",
        "northwind": "northwind",
        "process-compose-flake": "process-compose-flake",
        "services-flake": "services-flake",
        "systems": "systems"
      }
    },
    "services-flake": {
      "locked": {
        "lastModified": 1715582151,
        "narHash": "sha256-UsN5G1qbaLidfXuq9szt9t7BeBAfRGaCAhTGNRXZwwk=",
        "owner": "juspay",
        "repo": "services-flake",
        "rev": "9fc3e72216aa5b446add37c3c5a3e6de40c0c22a",
        "type": "github"
      },
      "original": {
        "owner": "juspay",
        "repo": "services-flake",
        "type": "github"
      }
    },
    "systems": {
      "locked": {
        "lastModified": 1681028828,
        "narHash": "sha256-Vy1rq5AaRuLzOxct8nz4T6wlgyUR7zLU309k9mBC768=",
        "owner": "nix-systems",
        "repo": "default",
        "rev": "da67096a3b9bf56a91d16901293e51ba5b49a27e",
        "type": "github"
      },
      "original": {
        "owner": "nix-systems",
        "repo": "default",
        "type": "github"
      }
    }
  },
  "root": "root",
  "version": 7
}
