{
  "nodes": {
    "flake-parts": {
      "inputs": {
        "nixpkgs-lib": "nixpkgs-lib"
      },
      "locked": {
        "lastModified": 1717285511,
        "narHash": "sha256-iKzJcpdXih14qYVcZ9QC9XuZYnPc6T8YImb6dX166kw=",
        "owner": "hercules-ci",
        "repo": "flake-parts",
        "rev": "2a55567fcf15b1b1c7ed712a2c6fadaec7412ea8",
        "type": "github"
      },
      "original": {
        "owner": "hercules-ci",
        "repo": "flake-parts",
        "type": "github"
      }
    },
    "nixpkgs": {
      "locked": {
        "lastModified": 1718276985,
        "narHash": "sha256-u1fA0DYQYdeG+5kDm1bOoGcHtX0rtC7qs2YA2N1X++I=",
        "owner": "nixos",
        "repo": "nixpkgs",
        "rev": "3f84a279f1a6290ce154c5531378acc827836fbb",
        "type": "github"
      },
      "original": {
        "owner": "nixos",
        "ref": "nixpkgs-unstable",
        "repo": "nixpkgs",
        "type": "github"
      }
    },
    "nixpkgs-lib": {
      "locked": {
        "lastModified": 1717284937,
        "narHash": "sha256-lIbdfCsf8LMFloheeE6N31+BMIeixqyQWbSr2vk79EQ=",
        "type": "tarball",
        "url": "https://github.com/NixOS/nixpkgs/archive/eb9ceca17df2ea50a250b6b27f7bf6ab0186f198.tar.gz"
      },
      "original": {
        "type": "tarball",
        "url": "https://github.com/NixOS/nixpkgs/archive/eb9ceca17df2ea50a250b6b27f7bf6ab0186f198.tar.gz"
      }
    },
    "northwind": {
      "flake": false,
      "locked": {
        "lastModified": 1666887048,
        "narHash": "sha256-wwqHEkZUTNkg78OLnRDX5JPoRYop8v5UI2hxZTclxs8=",
        "owner": "pthom",
        "repo": "northwind_psql",
        "rev": "3d271b23f3357532e63f92ffb10c4f258dfd20af",
        "type": "github"
      },
      "original": {
        "owner": "pthom",
        "repo": "northwind_psql",
        "type": "github"
      }
    },
    "process-compose-flake": {
      "locked": {
        "lastModified": 1718031437,
        "narHash": "sha256-+RrlkAVZx0QhyeHAGFJnjST+/7Dc3zsDU3zAKXoDXaI=",
        "owner": "Platonic-Systems",
        "repo": "process-compose-flake",
        "rev": "9344fac44edced4c686721686a6ad904d067c546",
        "type": "github"
      },
      "original": {
        "owner": "Platonic-Systems",
        "repo": "process-compose-flake",
        "type": "github"
      }
    },
    "root": {
      "inputs": {
        "flake-parts": "flake-parts",
        "nixpkgs": "nixpkgs",
        "northwind": "northwind",
        "process-compose-flake": "process-compose-flake",
        "services-flake": "services-flake",
        "systems": "systems"
      }
    },
    "services-flake": {
      "locked": {
        "lastModified": 1718497270,
        "narHash": "sha256-MRd+c1db7enOVDVwuoxGhXQqCWG5WXoJGCKzebOrOW4=",
        "owner": "juspay",
        "repo": "services-flake",
        "rev": "a0c69327c12fa73cb075b3ffa59e9db105fa4519",
        "type": "github"
      },
      "original": {
        "owner": "juspay",
        "repo": "services-flake",
        "type": "github"
      }
    },
    "systems": {
      "locked": {
        "lastModified": 1681028828,
        "narHash": "sha256-Vy1rq5AaRuLzOxct8nz4T6wlgyUR7zLU309k9mBC768=",
        "owner": "nix-systems",
        "repo": "default",
        "rev": "da67096a3b9bf56a91d16901293e51ba5b49a27e",
        "type": "github"
      },
      "original": {
        "owner": "nix-systems",
        "repo": "default",
        "type": "github"
      }
    }
  },
  "root": "root",
  "version": 7
}
