{
  "nodes": {
    "flake-parts": {
      "inputs": {
        "nixpkgs-lib": "nixpkgs-lib"
      },
      "locked": {
        "lastModified": 1685662779,
        "narHash": "sha256-cKDDciXGpMEjP1n6HlzKinN0H+oLmNpgeCTzYnsA2po=",
        "owner": "hercules-ci",
        "repo": "flake-parts",
        "rev": "71fb97f0d875fd4de4994dfb849f2c75e17eb6c3",
        "type": "github"
      },
      "original": {
        "owner": "hercules-ci",
        "repo": "flake-parts",
        "type": "github"
      }
    },
    "nixpkgs": {
      "locked": {
        "lastModified": 1696630667,
        "narHash": "sha256-kO67pYOeT/6m9BnPO+zNHWnC4eGiW87gIAJ+e8f3gwU=",
        "owner": "nixos",
        "repo": "nixpkgs",
        "rev": "b604023e0a5549b65da3040a07d2beb29ac9fc63",
        "type": "github"
      },
      "original": {
        "owner": "nixos",
        "ref": "nixpkgs-unstable",
        "repo": "nixpkgs",
        "type": "github"
      }
    },
    "nixpkgs-lib": {
      "locked": {
        "dir": "lib",
        "lastModified": 1685564631,
        "narHash": "sha256-8ywr3AkblY4++3lIVxmrWZFzac7+f32ZEhH/A8pNscI=",
        "owner": "NixOS",
        "repo": "nixpkgs",
        "rev": "4f53efe34b3a8877ac923b9350c874e3dcd5dc0a",
        "type": "github"
      },
      "original": {
        "dir": "lib",
        "owner": "NixOS",
        "ref": "nixos-unstable",
        "repo": "nixpkgs",
        "type": "github"
      }
    },
    "process-compose-flake": {
      "locked": {
        "lastModified": 1708620954,
        "narHash": "sha256-kFgAt2kJZ9JleWgo+cFULoya31o9EiukNg1H4G0+KnM=",
        "owner": "Platonic-Systems",
        "repo": "process-compose-flake",
        "rev": "dded78fff52b069bd55607b15b49739e8310efb3",
        "type": "github"
      },
      "original": {
        "owner": "Platonic-Systems",
        "repo": "process-compose-flake",
        "type": "github"
      }
    },
    "root": {
      "inputs": {
        "flake-parts": "flake-parts",
        "nixpkgs": "nixpkgs",
        "process-compose-flake": "process-compose-flake",
        "systems": "systems"
      }
    },
    "systems": {
      "locked": {
        "lastModified": 1681028828,
        "narHash": "sha256-Vy1rq5AaRuLzOxct8nz4T6wlgyUR7zLU309k9mBC768=",
        "owner": "nix-systems",
        "repo": "default",
        "rev": "da67096a3b9bf56a91d16901293e51ba5b49a27e",
        "type": "github"
      },
      "original": {
        "owner": "nix-systems",
        "repo": "default",
        "type": "github"
      }
    }
  },
  "root": "root",
  "version": 7
}
