{
  "nodes": {
    "cachix-push": {
      "locked": {
        "lastModified": 1726080112,
        "narHash": "sha256-OcmKmI5lO6ZcJNdZkWK5ObauO8YyazG3nBqGlwC9Y+0=",
        "owner": "juspay",
        "repo": "cachix-push",
        "rev": "8ed534b817ab110387ff3bc95c211f668d7ccf2f",
        "type": "github"
      },
      "original": {
        "owner": "juspay",
        "repo": "cachix-push",
        "type": "github"
      }
    },
    "flake-parts": {
      "inputs": {
        "nixpkgs-lib": "nixpkgs-lib"
      },
      "locked": {
        "lastModified": 1727826117,
        "narHash": "sha256-K5ZLCyfO/Zj9mPFldf3iwS6oZStJcU4tSpiXTMYaaL0=",
        "owner": "hercules-ci",
        "repo": "flake-parts",
        "rev": "3d04084d54bedc3d6b8b736c70ef449225c361b1",
        "type": "github"
      },
      "original": {
        "owner": "hercules-ci",
        "repo": "flake-parts",
        "type": "github"
      }
    },
    "flake-root": {
      "locked": {
        "lastModified": 1680964220,
        "narHash": "sha256-dIdTYcf+KW9a4pKHsEbddvLVSfR1yiAJynzg2x0nfWg=",
        "owner": "srid",
        "repo": "flake-root",
        "rev": "f1c0b93d05bdbea6c011136ba1a135c80c5b326c",
        "type": "github"
      },
      "original": {
        "owner": "srid",
        "repo": "flake-root",
        "type": "github"
      }
    },
    "nixpkgs": {
      "locked": {
        "lastModified": 1729755165,
        "narHash": "sha256-6IpnOHWsaSSjT3yvqlrWfHW6HVCT+wOAlUpcooGJ+FQ=",
        "owner": "nixos",
        "repo": "nixpkgs",
        "rev": "cabaf14d3e69c9921d7acedf5d7d60bb2b90be02",
        "type": "github"
      },
      "original": {
        "owner": "nixos",
        "ref": "nixpkgs-unstable",
        "repo": "nixpkgs",
        "type": "github"
      }
    },
    "nixpkgs-lib": {
      "locked": {
        "lastModified": 1727825735,
        "narHash": "sha256-0xHYkMkeLVQAMa7gvkddbPqpxph+hDzdu1XdGPJR+Os=",
        "type": "tarball",
        "url": "https://github.com/NixOS/nixpkgs/archive/fb192fec7cc7a4c26d51779e9bab07ce6fa5597a.tar.gz"
      },
      "original": {
        "type": "tarball",
        "url": "https://github.com/NixOS/nixpkgs/archive/fb192fec7cc7a4c26d51779e9bab07ce6fa5597a.tar.gz"
      }
    },
    "pre-commit-hooks-nix": {
      "flake": false,
      "locked": {
        "lastModified": 1732021966,
        "narHash": "sha256-mnTbjpdqF0luOkou8ZFi2asa1N3AA2CchR/RqCNmsGE=",
        "owner": "cachix",
        "repo": "pre-commit-hooks.nix",
        "rev": "3308484d1a443fc5bc92012435d79e80458fe43c",
        "type": "github"
      },
      "original": {
        "owner": "cachix",
        "repo": "pre-commit-hooks.nix",
        "type": "github"
      }
    },
    "root": {
      "inputs": {
        "cachix-push": "cachix-push",
        "flake-parts": "flake-parts",
        "flake-root": "flake-root",
        "nixpkgs": "nixpkgs",
        "pre-commit-hooks-nix": "pre-commit-hooks-nix",
        "services-flake": "services-flake"
      }
    },
    "services-flake": {
      "locked": {
        "lastModified": 1708321363,
        "narHash": "sha256-8tyA4VIUrbYJaF/eOnx5fzvw3jSskQ622XPUqSoAEGU=",
        "owner": "juspay",
        "repo": "services-flake",
        "rev": "29781d10d08ab704dacf58cad35cddac7d19d5bd",
        "type": "github"
      },
      "original": {
        "owner": "juspay",
        "repo": "services-flake",
        "type": "github"
      }
    }
  },
  "root": "root",
  "version": 7
}
