{
  "nodes": {
    "flake-parts": {
      "inputs": {
        "nixpkgs-lib": "nixpkgs-lib"
      },
      "locked": {
        "lastModified": 1782949081,
        "narHash": "sha256-vp6Y/Grm98ESt6ceOkWiHWyZRDV3J1RID4w+6NWK9yA=",
        "owner": "hercules-ci",
        "repo": "flake-parts",
        "rev": "17c9d6cdfc60c64f4ee8d306f9bc0b4ccb51481e",
        "type": "github"
      },
      "original": {
        "owner": "hercules-ci",
        "repo": "flake-parts",
        "type": "github"
      }
    },
    "nixpkgs": {
      "locked": {
        "lastModified": 1784364478,
        "narHash": "sha256-CdItYNdYUlm7NxqMVyQKqT2IxTwvapiPuRLWOyHTrbY=",
        "owner": "nixos",
        "repo": "nixpkgs",
        "rev": "20535e48e12c86043b577b8518234ff5dbb26957",
        "type": "github"
      },
      "original": {
        "owner": "nixos",
        "ref": "nixpkgs-unstable",
        "repo": "nixpkgs",
        "type": "github"
      }
    },
    "nixpkgs-lib": {
      "locked": {
        "lastModified": 1782614948,
        "narHash": "sha256-ePjCwr1sNm9NYUqywL7QfK3JnlS015msC+eBu2zKlp8=",
        "owner": "nix-community",
        "repo": "nixpkgs.lib",
        "rev": "db3f255737b94216eb71cce308e2912cf6bc2d7c",
        "type": "github"
      },
      "original": {
        "owner": "nix-community",
        "repo": "nixpkgs.lib",
        "type": "github"
      }
    },
    "northwind": {
      "flake": false,
      "locked": {
        "lastModified": 1725093501,
        "narHash": "sha256-1xmr7I+Uo+PE2G/ltUmnFGeLX4TIvVem20oiccGWI9A=",
        "owner": "pthom",
        "repo": "northwind_psql",
        "rev": "cd0ef28d66369fbe177778e604e4be0f153c9e5c",
        "type": "github"
      },
      "original": {
        "owner": "pthom",
        "repo": "northwind_psql",
        "type": "github"
      }
    },
    "process-compose-flake": {
      "locked": {
        "lastModified": 1782060835,
        "narHash": "sha256-Q8HH2t1l3MITtWCWY4ytcH5F/Q7aAHo3Iq/QTMAKTe0=",
        "owner": "Platonic-Systems",
        "repo": "process-compose-flake",
        "rev": "464ff6880737f063c3f0d3d2c7781fda9190868f",
        "type": "github"
      },
      "original": {
        "owner": "Platonic-Systems",
        "repo": "process-compose-flake",
        "type": "github"
      }
    },
    "root": {
      "inputs": {
        "flake-parts": "flake-parts",
        "nixpkgs": "nixpkgs",
        "northwind": "northwind",
        "process-compose-flake": "process-compose-flake",
        "services-flake": "services-flake",
        "systems": "systems"
      }
    },
    "services-flake": {
      "locked": {
        "lastModified": 1783213527,
        "narHash": "sha256-yIVKacNpTvEY+xQf2MzNn6jerRrazrkXxTwmwTK4N7M=",
        "owner": "juspay",
        "repo": "services-flake",
        "rev": "1c9142a3d74abc53aed62687106ee15e873dc3ff",
        "type": "github"
      },
      "original": {
        "owner": "juspay",
        "repo": "services-flake",
        "type": "github"
      }
    },
    "systems": {
      "locked": {
        "lastModified": 1681028828,
        "narHash": "sha256-Vy1rq5AaRuLzOxct8nz4T6wlgyUR7zLU309k9mBC768=",
        "owner": "nix-systems",
        "repo": "default",
        "rev": "da67096a3b9bf56a91d16901293e51ba5b49a27e",
        "type": "github"
      },
      "original": {
        "owner": "nix-systems",
        "repo": "default",
        "type": "github"
      }
    }
  },
  "root": "root",
  "version": 7
}
