{
  "nodes": {
    "flake-parts": {
      "inputs": {
        "nixpkgs-lib": "nixpkgs-lib"
      },
      "locked": {
        "lastModified": 1727826117,
        "narHash": "sha256-K5ZLCyfO/Zj9mPFldf3iwS6oZStJcU4tSpiXTMYaaL0=",
        "owner": "hercules-ci",
        "repo": "flake-parts",
        "rev": "3d04084d54bedc3d6b8b736c70ef449225c361b1",
        "type": "github"
      },
      "original": {
        "owner": "hercules-ci",
        "repo": "flake-parts",
        "type": "github"
      }
    },
    "nixpkgs": {
      "locked": {
        "lastModified": 1729850857,
        "narHash": "sha256-WvLXzNNnnw+qpFOmgaM3JUlNEH+T4s22b5i2oyyCpXE=",
        "owner": "nixos",
        "repo": "nixpkgs",
        "rev": "41dea55321e5a999b17033296ac05fe8a8b5a257",
        "type": "github"
      },
      "original": {
        "owner": "nixos",
        "ref": "nixpkgs-unstable",
        "repo": "nixpkgs",
        "type": "github"
      }
    },
    "nixpkgs-lib": {
      "locked": {
        "lastModified": 1727825735,
        "narHash": "sha256-0xHYkMkeLVQAMa7gvkddbPqpxph+hDzdu1XdGPJR+Os=",
        "type": "tarball",
        "url": "https://github.com/NixOS/nixpkgs/archive/fb192fec7cc7a4c26d51779e9bab07ce6fa5597a.tar.gz"
      },
      "original": {
        "type": "tarball",
        "url": "https://github.com/NixOS/nixpkgs/archive/fb192fec7cc7a4c26d51779e9bab07ce6fa5597a.tar.gz"
      }
    },
    "northwind": {
      "flake": false,
      "locked": {
        "lastModified": 1725093501,
        "narHash": "sha256-1xmr7I+Uo+PE2G/ltUmnFGeLX4TIvVem20oiccGWI9A=",
        "owner": "pthom",
        "repo": "northwind_psql",
        "rev": "cd0ef28d66369fbe177778e604e4be0f153c9e5c",
        "type": "github"
      },
      "original": {
        "owner": "pthom",
        "repo": "northwind_psql",
        "type": "github"
      }
    },
    "process-compose-flake": {
      "locked": {
        "lastModified": 1729544733,
        "narHash": "sha256-ir7WTVpG999N07wkOCs1kwZsQKitOv3CNDqNalCMK3c=",
        "owner": "Platonic-Systems",
        "repo": "process-compose-flake",
        "rev": "7241e6b247b65cfa579d6f838a8efc18e5401924",
        "type": "github"
      },
      "original": {
        "owner": "Platonic-Systems",
        "repo": "process-compose-flake",
        "type": "github"
      }
    },
    "root": {
      "inputs": {
        "flake-parts": "flake-parts",
        "nixpkgs": "nixpkgs",
        "northwind": "northwind",
        "process-compose-flake": "process-compose-flake",
        "services-flake": "services-flake",
        "systems": "systems"
      }
    },
    "services-flake": {
      "locked": {
        "lastModified": 1729810145,
        "narHash": "sha256-ekRUO4TaW0WXfJkCIS/Zthcuv4OgcDAIvAg6C2GRspg=",
        "owner": "juspay",
        "repo": "services-flake",
        "rev": "ca157a3c33fd9bee56ef23534c37d7e27bd44751",
        "type": "github"
      },
      "original": {
        "owner": "juspay",
        "repo": "services-flake",
        "type": "github"
      }
    },
    "systems": {
      "locked": {
        "lastModified": 1681028828,
        "narHash": "sha256-Vy1rq5AaRuLzOxct8nz4T6wlgyUR7zLU309k9mBC768=",
        "owner": "nix-systems",
        "repo": "default",
        "rev": "da67096a3b9bf56a91d16901293e51ba5b49a27e",
        "type": "github"
      },
      "original": {
        "owner": "nix-systems",
        "repo": "default",
        "type": "github"
      }
    }
  },
  "root": "root",
  "version": 7
}
