{
  "nodes": {
    "flake-parts": {
      "inputs": {
        "nixpkgs-lib": "nixpkgs-lib"
      },
      "locked": {
        "lastModified": 1738453229,
        "narHash": "sha256-7H9XgNiGLKN1G1CgRh0vUL4AheZSYzPm+zmZ7vxbJdo=",
        "owner": "hercules-ci",
        "repo": "flake-parts",
        "rev": "32ea77a06711b758da0ad9bd6a844c5740a87abd",
        "type": "github"
      },
      "original": {
        "owner": "hercules-ci",
        "repo": "flake-parts",
        "type": "github"
      }
    },
    "nixpkgs": {
      "locked": {
        "lastModified": 1739451785,
        "narHash": "sha256-3ebRdThRic9bHMuNi2IAA/ek9b32bsy8F5R4SvGTIog=",
        "owner": "nixos",
        "repo": "nixpkgs",
        "rev": "1128e89fd5e11bb25aedbfc287733c6502202ea9",
        "type": "github"
      },
      "original": {
        "owner": "nixos",
        "ref": "nixpkgs-unstable",
        "repo": "nixpkgs",
        "type": "github"
      }
    },
    "nixpkgs-lib": {
      "locked": {
        "lastModified": 1738452942,
        "narHash": "sha256-vJzFZGaCpnmo7I6i416HaBLpC+hvcURh/BQwROcGIp8=",
        "type": "tarball",
        "url": "https://github.com/NixOS/nixpkgs/archive/072a6db25e947df2f31aab9eccd0ab75d5b2da11.tar.gz"
      },
      "original": {
        "type": "tarball",
        "url": "https://github.com/NixOS/nixpkgs/archive/072a6db25e947df2f31aab9eccd0ab75d5b2da11.tar.gz"
      }
    },
    "process-compose-flake": {
      "locked": {
        "lastModified": 1733325752,
        "narHash": "sha256-79tzPuXNRo1NUllafYW6SjeLtjqfnLGq7tHCM7cAXNg=",
        "owner": "Platonic-Systems",
        "repo": "process-compose-flake",
        "rev": "1012530b582f1bd3b102295c799358d95abf42d7",
        "type": "github"
      },
      "original": {
        "owner": "Platonic-Systems",
        "repo": "process-compose-flake",
        "type": "github"
      }
    },
    "root": {
      "inputs": {
        "flake-parts": "flake-parts",
        "nixpkgs": "nixpkgs",
        "process-compose-flake": "process-compose-flake",
        "services-flake": "services-flake",
        "systems": "systems"
      }
    },
    "services-flake": {
      "locked": {
        "lastModified": 1739523640,
        "narHash": "sha256-39g5YKEGNfQui84NLJWswewKg2I1mqikqJ2KHuwDWT8=",
        "owner": "juspay",
        "repo": "services-flake",
        "rev": "c404d061cef100a6176313758a7f847c807a6f34",
        "type": "github"
      },
      "original": {
        "owner": "juspay",
        "repo": "services-flake",
        "type": "github"
      }
    },
    "systems": {
      "locked": {
        "lastModified": 1681028828,
        "narHash": "sha256-Vy1rq5AaRuLzOxct8nz4T6wlgyUR7zLU309k9mBC768=",
        "owner": "nix-systems",
        "repo": "default",
        "rev": "da67096a3b9bf56a91d16901293e51ba5b49a27e",
        "type": "github"
      },
      "original": {
        "owner": "nix-systems",
        "repo": "default",
        "type": "github"
      }
    }
  },
  "root": "root",
  "version": 7
}
