{
  "nodes": {
    "flake-parts": {
      "inputs": {
        "nixpkgs-lib": "nixpkgs-lib"
      },
      "locked": {
        "lastModified": 1717285511,
        "narHash": "sha256-iKzJcpdXih14qYVcZ9QC9XuZYnPc6T8YImb6dX166kw=",
        "owner": "hercules-ci",
        "repo": "flake-parts",
        "rev": "2a55567fcf15b1b1c7ed712a2c6fadaec7412ea8",
        "type": "github"
      },
      "original": {
        "owner": "hercules-ci",
        "repo": "flake-parts",
        "type": "github"
      }
    },
    "flake-parts_2": {
      "inputs": {
        "nixpkgs-lib": "nixpkgs-lib_2"
      },
      "locked": {
        "lastModified": 1717285511,
        "narHash": "sha256-iKzJcpdXih14qYVcZ9QC9XuZYnPc6T8YImb6dX166kw=",
        "owner": "hercules-ci",
        "repo": "flake-parts",
        "rev": "2a55567fcf15b1b1c7ed712a2c6fadaec7412ea8",
        "type": "github"
      },
      "original": {
        "owner": "hercules-ci",
        "repo": "flake-parts",
        "type": "github"
      }
    },
    "nixpkgs": {
      "locked": {
        "lastModified": 1717774105,
        "narHash": "sha256-HV97wqUQv9wvptiHCb3Y0/YH0lJ60uZ8FYfEOIzYEqI=",
        "owner": "nixos",
        "repo": "nixpkgs",
        "rev": "d226935fd75012939397c83f6c385e4d6d832288",
        "type": "github"
      },
      "original": {
        "owner": "nixos",
        "ref": "nixpkgs-unstable",
        "repo": "nixpkgs",
        "type": "github"
      }
    },
    "nixpkgs-lib": {
      "locked": {
        "lastModified": 1717284937,
        "narHash": "sha256-lIbdfCsf8LMFloheeE6N31+BMIeixqyQWbSr2vk79EQ=",
        "type": "tarball",
        "url": "https://github.com/NixOS/nixpkgs/archive/eb9ceca17df2ea50a250b6b27f7bf6ab0186f198.tar.gz"
      },
      "original": {
        "type": "tarball",
        "url": "https://github.com/NixOS/nixpkgs/archive/eb9ceca17df2ea50a250b6b27f7bf6ab0186f198.tar.gz"
      }
    },
    "nixpkgs-lib_2": {
      "locked": {
        "lastModified": 1717284937,
        "narHash": "sha256-lIbdfCsf8LMFloheeE6N31+BMIeixqyQWbSr2vk79EQ=",
        "type": "tarball",
        "url": "https://github.com/NixOS/nixpkgs/archive/eb9ceca17df2ea50a250b6b27f7bf6ab0186f198.tar.gz"
      },
      "original": {
        "type": "tarball",
        "url": "https://github.com/NixOS/nixpkgs/archive/eb9ceca17df2ea50a250b6b27f7bf6ab0186f198.tar.gz"
      }
    },
    "nixpkgs_2": {
      "locked": {
        "lastModified": 1717774105,
        "narHash": "sha256-HV97wqUQv9wvptiHCb3Y0/YH0lJ60uZ8FYfEOIzYEqI=",
        "owner": "nixos",
        "repo": "nixpkgs",
        "rev": "d226935fd75012939397c83f6c385e4d6d832288",
        "type": "github"
      },
      "original": {
        "owner": "nixos",
        "ref": "nixpkgs-unstable",
        "repo": "nixpkgs",
        "type": "github"
      }
    },
    "northwind": {
      "inputs": {
        "flake-parts": "flake-parts_2",
        "nixpkgs": "nixpkgs_2",
        "northwind": "northwind_2",
        "process-compose-flake": "process-compose-flake",
        "services-flake": "services-flake",
        "systems": "systems"
      },
      "locked": {
        "dir": "example/share-services/northwind",
        "lastModified": 1717891977,
        "narHash": "sha256-J0hWG7EAhwujMvhbBfnIc3gMxzPWjj3s5yJNH+mV5cs=",
        "owner": "juspay",
        "repo": "services-flake",
        "rev": "b23fd8fc01985a994b38acc40bc512abefbbcc3f",
        "type": "github"
      },
      "original": {
        "dir": "example/share-services/northwind",
        "owner": "juspay",
        "repo": "services-flake",
        "type": "github"
      }
    },
    "northwind_2": {
      "flake": false,
      "locked": {
        "lastModified": 1666887048,
        "narHash": "sha256-wwqHEkZUTNkg78OLnRDX5JPoRYop8v5UI2hxZTclxs8=",
        "owner": "pthom",
        "repo": "northwind_psql",
        "rev": "3d271b23f3357532e63f92ffb10c4f258dfd20af",
        "type": "github"
      },
      "original": {
        "owner": "pthom",
        "repo": "northwind_psql",
        "type": "github"
      }
    },
    "process-compose-flake": {
      "locked": {
        "lastModified": 1717682476,
        "narHash": "sha256-EjmlQSBs6XxsOEk7KQSpk2m/mkRtUpH++jZQix2jFgE=",
        "owner": "Platonic-Systems",
        "repo": "process-compose-flake",
        "rev": "8a6fae467d4862f2be9aa2954ab2d1e324c399f4",
        "type": "github"
      },
      "original": {
        "owner": "Platonic-Systems",
        "repo": "process-compose-flake",
        "type": "github"
      }
    },
    "process-compose-flake_2": {
      "locked": {
        "lastModified": 1717682476,
        "narHash": "sha256-EjmlQSBs6XxsOEk7KQSpk2m/mkRtUpH++jZQix2jFgE=",
        "owner": "Platonic-Systems",
        "repo": "process-compose-flake",
        "rev": "8a6fae467d4862f2be9aa2954ab2d1e324c399f4",
        "type": "github"
      },
      "original": {
        "owner": "Platonic-Systems",
        "repo": "process-compose-flake",
        "type": "github"
      }
    },
    "root": {
      "inputs": {
        "flake-parts": "flake-parts",
        "nixpkgs": "nixpkgs",
        "northwind": "northwind",
        "process-compose-flake": "process-compose-flake_2",
        "services-flake": "services-flake_2",
        "systems": "systems_2"
      }
    },
    "services-flake": {
      "locked": {
        "lastModified": 1717690185,
        "narHash": "sha256-vqcKZxgBPhF7lGZdMGlzHKTMAboDK9D6SFrusME+6UY=",
        "owner": "juspay",
        "repo": "services-flake",
        "rev": "eb3bac5543951d06f79424f6c619a966c8c3d671",
        "type": "github"
      },
      "original": {
        "owner": "juspay",
        "repo": "services-flake",
        "type": "github"
      }
    },
    "services-flake_2": {
      "locked": {
        "lastModified": 1717891977,
        "narHash": "sha256-J0hWG7EAhwujMvhbBfnIc3gMxzPWjj3s5yJNH+mV5cs=",
        "owner": "juspay",
        "repo": "services-flake",
        "rev": "b23fd8fc01985a994b38acc40bc512abefbbcc3f",
        "type": "github"
      },
      "original": {
        "owner": "juspay",
        "repo": "services-flake",
        "type": "github"
      }
    },
    "systems": {
      "locked": {
        "lastModified": 1681028828,
        "narHash": "sha256-Vy1rq5AaRuLzOxct8nz4T6wlgyUR7zLU309k9mBC768=",
        "owner": "nix-systems",
        "repo": "default",
        "rev": "da67096a3b9bf56a91d16901293e51ba5b49a27e",
        "type": "github"
      },
      "original": {
        "owner": "nix-systems",
        "repo": "default",
        "type": "github"
      }
    },
    "systems_2": {
      "locked": {
        "lastModified": 1681028828,
        "narHash": "sha256-Vy1rq5AaRuLzOxct8nz4T6wlgyUR7zLU309k9mBC768=",
        "owner": "nix-systems",
        "repo": "default",
        "rev": "da67096a3b9bf56a91d16901293e51ba5b49a27e",
        "type": "github"
      },
      "original": {
        "owner": "nix-systems",
        "repo": "default",
        "type": "github"
      }
    }
  },
  "root": "root",
  "version": 7
}
